
Microsoft Visual Studio Solution File, Format Version 12.00
# Visual Studio Version 17
VisualStudioVersion = 17.0.32112.339
MinimumVisualStudioVersion = 10.0.40219.1
Project("{FAE04EC0-301F-11D3-BF4B-00C04F79EFBC}") = "Calculator", "Calculator\Calculator.csproj", "{59AC60D1-E38A-4AC1-B5DB-380978743036}"
EndProject
Global
	GlobalSection(SolutionConfigurationPlatforms) = preSolution
		Debug|Any CPU = Debug|Any CPU
		Release|Any CPU = Release|Any CPU
	EndGlobalSection
	GlobalSection(ProjectConfigurationPlatforms) = postSolution
		{59AC60D1-E38A-4AC1-B5DB-380978743036}.Debug|Any CPU.ActiveCfg = Debug|Any CPU
		{59AC60D1-E38A-4AC1-B5DB-380978743036}.Debug|Any CPU.Build.0 = Debug|Any CPU
		{59AC60D1-E38A-4AC1-B5DB-380978743036}.Release|Any CPU.ActiveCfg = Release|Any CPU
		{59AC60D1-E38A-4AC1-B5DB-380978743036}.Release|Any CPU.Build.0 = Release|Any CPU
	EndGlobalSection
	GlobalSection(SolutionProperties) = preSolution
		HideSolutionNode = FALSE
	EndGlobalSection
	GlobalSection(ExtensibilityGlobals) = postSolution
		SolutionGuid = {755EA154-73B6-41BD-B2E7-A5E73E344E0F}
	EndGlobalSection
EndGlobal
